{
  "name": "apigateway",
  "version": "1.0.0",
  "lockfileVersion": 3,
  "requires": true,
  "packages": {
    "": {
      "name": "apigateway",
      "version": "1.0.0",
      "bundleDependencies": [
        "moment",
        "node-uuid"
      ],
      "license": "ISC",
      "dependencies": {
        "moment": "^2.10.3",
        "node-uuid": "^1.4.3"
      },
      "devDependencies": {
        "aws-sdk": "^2.4.2"
      }
    },
    "node_modules/aws-sdk": {
      "version": "2.4.2",
      "resolved": "https://registry.npmjs.org/aws-sdk/-/aws-sdk-2.4.2.tgz",
      "integrity": "sha512-f5LIhx2xTmAYEZYodbx9+3PxRdWLw9m1lgYUbuOb11xzS3bWy/HXviE6oMTiHXrWFNFdfi+C4t4Md8gIoNNkQA==",
      "dev": true,
      "license": "Apache-2.0",
      "dependencies": {
        "jmespath": "0.15.0",
        "sax": "1.1.5",
        "xml2js": "0.4.15",
        "xmlbuilder": "2.6.2"
      },
      "engines": {
        "node": ">= 0.8.0"
      }
    },
    "node_modules/jmespath": {
      "version": "0.15.0",
      "resolved": "https://registry.npmjs.org/jmespath/-/jmespath-0.15.0.tgz",
      "integrity": "sha512-+kHj8HXArPfpPEKGLZ+kB5ONRTCiGQXo8RQYL0hH8t6pWXUBBK5KkkQmTNOwKK4LEsd0yTsgtjJVm4UBSZea4w==",
      "dev": true,
      "engines": {
        "node": ">= 0.6.0"
      }
    },
    "node_modules/lodash": {
      "version": "3.5.0",
      "resolved": "https://registry.npmjs.org/lodash/-/lodash-3.5.0.tgz",
      "integrity": "sha512-eC2gi6pEoXXAWKz1fKvWnA0wOdBPsvTVFT71szjM6dFoDE9llinK81xW4EH4QxF+wNZoVeLIxUp21BDPniMn4g==",
      "dev": true,
      "license": "MIT"
    },
    "node_modules/moment": {
      "version": "2.10.3",
      "resolved": "https://registry.npmjs.org/moment/-/moment-2.10.3.tgz",
      "integrity": "sha512-OanfVnsrd98owhZds42DCN5qEqFPzqQXfQ5MxFqLOYqUTS2snGjZOYuyLzI8lyRltO8FeTkNZKgbyR1e/epIqw==",
      "inBundle": true,
      "engines": {
        "node": "*"
      }
    },
    "node_modules/node-uuid": {
      "version": "1.4.3",
      "resolved": "https://registry.npmjs.org/node-uuid/-/node-uuid-1.4.3.tgz",
      "integrity": "sha512-82s+QA06PzmHnbOecisurNKyNumkiYzGUZpOGsuLJOeQZVx2gJZtESb/1F7PCoU2SOUffrgMLIdofMMivFYlNg==",
      "deprecated": "Use uuid module instead",
      "inBundle": true,
      "bin": {
        "uuid": "bin/uuid"
      }
    },
    "node_modules/sax": {
      "version": "1.1.5",
      "resolved": "https://registry.npmjs.org/sax/-/sax-1.1.5.tgz",
      "integrity": "sha512-z19WXQiOz8RBu3zDpOE9541RgB7Q5NecZ7SAgU3yUvqhMNvG4hTChbrutzpDyDSHmeHouR5Rqk4eup1o6C6dxQ==",
      "dev": true,
      "license": "ISC"
    },
    "node_modules/xml2js": {
      "version": "0.4.15",
      "resolved": "https://registry.npmjs.org/xml2js/-/xml2js-0.4.15.tgz",
      "integrity": "sha512-7kiknY222Be8HfanusoisInC58cAnxE0W0u+5NrSF9piZh4RQDHfDzbRiOWjqY5CiHybCjlxI24mmjLOuZ4/rQ==",
      "dev": true,
      "license": "MIT",
      "dependencies": {
        "sax": ">=0.6.0",
        "xmlbuilder": ">=2.4.6"
      }
    },
    "node_modules/xmlbuilder": {
      "version": "2.6.2",
      "resolved": "https://registry.npmjs.org/xmlbuilder/-/xmlbuilder-2.6.2.tgz",
      "integrity": "sha512-wJQzq0KF5ZlHUR2LfkTldfT91recShIEBu1rWv3buMlZ7lfyJa8XreOuNjxRrnxdkqETPq+uF7RgDcXgY50T4w==",
      "dev": true,
      "license": "MIT",
      "dependencies": {
        "lodash": "~3.5.0"
      },
      "engines": {
        "node": ">=0.8.0"
      }
    }
  }
}
